
Microsoft Visual Studio Solution File, Format Version 12.00
# Visual Studio Version 17
VisualStudioVersion = 17.0.31903.59
MinimumVisualStudioVersion = 10.0.40219.1
Project("{FAE04EC0-301F-11D3-BF4B-00C04F79EFBC}") = "Exam_Nagm", "Exam_Nagm\Exam_Nagm.csproj", "{D7EBB113-16CB-43EA-8B08-0333F80025B6}"
EndProject
Global
	GlobalSection(SolutionConfigurationPlatforms) = preSolution
		Debug|Any CPU = Debug|Any CPU
		Release|Any CPU = Release|Any CPU
	EndGlobalSection
	GlobalSection(ProjectConfigurationPlatforms) = postSolution
		{D7EBB113-16CB-43EA-8B08-0333F80025B6}.Debug|Any CPU.ActiveCfg = Debug|Any CPU
		{D7EBB113-16CB-43EA-8B08-0333F80025B6}.Debug|Any CPU.Build.0 = Debug|Any CPU
		{D7EBB113-16CB-43EA-8B08-0333F80025B6}.Release|Any CPU.ActiveCfg = Release|Any CPU
		{D7EBB113-16CB-43EA-8B08-0333F80025B6}.Release|Any CPU.Build.0 = Release|Any CPU
	EndGlobalSection
	GlobalSection(SolutionProperties) = preSolution
		HideSolutionNode = FALSE
	EndGlobalSection
	GlobalSection(ExtensibilityGlobals) = postSolution
		SolutionGuid = {2D392353-04E6-467C-957D-A6EF82A2F16A}
	EndGlobalSection
EndGlobal
